
Microsoft Visual Studio Solution File, Format Version 12.00
# Visual Studio Version 17
VisualStudioVersion = 17.2.32519.379
MinimumVisualStudioVersion = 10.0.40219.1
Project("{FAE04EC0-301F-11D3-BF4B-00C04F79EFBC}") = "WpfApp4", "WpfApp4\WpfApp4.csproj", "{D5B66934-314C-40DC-BB9D-AAA63BDB4225}"
EndProject
Global
	GlobalSection(SolutionConfigurationPlatforms) = preSolution
		Debug|Any CPU = Debug|Any CPU
		Release|Any CPU = Release|Any CPU
	EndGlobalSection
	GlobalSection(ProjectConfigurationPlatforms) = postSolution
		{D5B66934-314C-40DC-BB9D-AAA63BDB4225}.Debug|Any CPU.ActiveCfg = Debug|Any CPU
		{D5B66934-314C-40DC-BB9D-AAA63BDB4225}.Debug|Any CPU.Build.0 = Debug|Any CPU
		{D5B66934-314C-40DC-BB9D-AAA63BDB4225}.Release|Any CPU.ActiveCfg = Release|Any CPU
		{D5B66934-314C-40DC-BB9D-AAA63BDB4225}.Release|Any CPU.Build.0 = Release|Any CPU
	EndGlobalSection
	GlobalSection(SolutionProperties) = preSolution
		HideSolutionNode = FALSE
	EndGlobalSection
	GlobalSection(ExtensibilityGlobals) = postSolution
		SolutionGuid = {73507C31-963F-4D0A-8E79-7D000F4D5546}
	EndGlobalSection
EndGlobal
